// !$*UTF8*$!
{
	archiveVersion = 1;
	classes = {
	};
	objectVersion = 50;
	objects = {

/* Begin PBXBuildFile section */
		437554C1216A8EEB004B9C4B /* WebViewPresenter.swift in Sources */ = {isa = PBXBuildFile; fileRef = 437554BE216A8EEB004B9C4B /* WebViewPresenter.swift */; };
		437554C2216A8EEB004B9C4B /* WebViewViewController.swift in Sources */ = {isa = PBXBuildFile; fileRef = 437554BF216A8EEB004B9C4B /* WebViewViewController.swift */; };
		437554C3216A8EEB004B9C4B /* WebViewWireframe.swift in Sources */ = {isa = PBXBuildFile; fileRef = 437554C0216A8EEB004B9C4B /* WebViewWireframe.swift */; };
		437554C6216ABDB9004B9C4B /* Assets.xcassets in Resources */ = {isa = PBXBuildFile; fileRef = 437554C5216ABDB9004B9C4B /* Assets.xcassets */; };
		43C7464721673B680077291D /* AppDelegate.swift in Sources */ = {isa = PBXBuildFile; fileRef = 43C7464621673B680077291D /* AppDelegate.swift */; };
		43C7464921673B680077291D /* ViewController.swift in Sources */ = {isa = PBXBuildFile; fileRef = 43C7464821673B680077291D /* ViewController.swift */; };
		43C7464C21673B680077291D /* Main.storyboard in Resources */ = {isa = PBXBuildFile; fileRef = 43C7464A21673B680077291D /* Main.storyboard */; };
		43C7465421673B690077291D /* LaunchScreen.storyboard in Resources */ = {isa = PBXBuildFile; fileRef = 43C7465221673B690077291D /* LaunchScreen.storyboard */; };
		43C7465F21673B690077291D /* RecipePuppyTests.swift in Sources */ = {isa = PBXBuildFile; fileRef = 43C7465E21673B690077291D /* RecipePuppyTests.swift */; };
		43C7466A21673B690077291D /* RecipePuppyUITests.swift in Sources */ = {isa = PBXBuildFile; fileRef = 43C7466921673B690077291D /* RecipePuppyUITests.swift */; };
		43C74686216755AC0077291D /* APIConstants.swift in Sources */ = {isa = PBXBuildFile; fileRef = 43C74685216755AC0077291D /* APIConstants.swift */; };
		43F5C1DA2167AF6B007414AC /* RecipeInteractor.swift in Sources */ = {isa = PBXBuildFile; fileRef = 43F5C1D92167AF6B007414AC /* RecipeInteractor.swift */; };
		43F5C1DC2167AFE7007414AC /* RecipeRepository.swift in Sources */ = {isa = PBXBuildFile; fileRef = 43F5C1DB2167AFE7007414AC /* RecipeRepository.swift */; };
		43F5C1E42167B603007414AC /* Recipe.swift in Sources */ = {isa = PBXBuildFile; fileRef = 43F5C1E32167B603007414AC /* Recipe.swift */; };
		43F5C1E62167B617007414AC /* Result.swift in Sources */ = {isa = PBXBuildFile; fileRef = 43F5C1E52167B617007414AC /* Result.swift */; };
		43F5C1EA2167C47D007414AC /* RecipePresenter.swift in Sources */ = {isa = PBXBuildFile; fileRef = 43F5C1E72167C47D007414AC /* RecipePresenter.swift */; };
		43F5C1EB2167C47D007414AC /* RecipeViewController.swift in Sources */ = {isa = PBXBuildFile; fileRef = 43F5C1E82167C47D007414AC /* RecipeViewController.swift */; };
		43F5C1EC2167C47D007414AC /* RecipeWireframe.swift in Sources */ = {isa = PBXBuildFile; fileRef = 43F5C1E92167C47D007414AC /* RecipeWireframe.swift */; };
		43F5C1EE2167C589007414AC /* Utils.swift in Sources */ = {isa = PBXBuildFile; fileRef = 43F5C1ED2167C589007414AC /* Utils.swift */; };
		43F5C1F22167FFD0007414AC /* RecipeViewCell.swift in Sources */ = {isa = PBXBuildFile; fileRef = 43F5C1F12167FFD0007414AC /* RecipeViewCell.swift */; };
		43F5C1FA216A5A92007414AC /* RecipeViewCell.xib in Resources */ = {isa = PBXBuildFile; fileRef = 43F5C1F9216A5A92007414AC /* RecipeViewCell.xib */; };
/* End PBXBuildFile section */

/* Begin PBXContainerItemProxy section */
		43C7465B21673B690077291D /* PBXContainerItemProxy */ = {
			isa = PBXContainerItemProxy;
			containerPortal = 43C7463B21673B680077291D /* Project object */;
			proxyType = 1;
			remoteGlobalIDString = 43C7464221673B680077291D;
			remoteInfo = RecipePuppy;
		};
		43C7466621673B690077291D /* PBXContainerItemProxy */ = {
			isa = PBXContainerItemProxy;
			containerPortal = 43C7463B21673B680077291D /* Project object */;
			proxyType = 1;
			remoteGlobalIDString = 43C7464221673B680077291D;
			remoteInfo = RecipePuppy;
		};
/* End PBXContainerItemProxy section */

/* Begin PBXFileReference section */
		437554BE216A8EEB004B9C4B /* WebViewPresenter.swift */ = {isa = PBXFileReference; lastKnownFileType = sourcecode.swift; path = WebViewPresenter.swift; sourceTree = "<group>"; };
		437554BF216A8EEB004B9C4B /* WebViewViewController.swift */ = {isa = PBXFileReference; lastKnownFileType = sourcecode.swift; path = WebViewViewController.swift; sourceTree = "<group>"; };
		437554C0216A8EEB004B9C4B /* WebViewWireframe.swift */ = {isa = PBXFileReference; lastKnownFileType = sourcecode.swift; path = WebViewWireframe.swift; sourceTree = "<group>"; };
		437554C5216ABDB9004B9C4B /* Assets.xcassets */ = {isa = PBXFileReference; lastKnownFileType = folder.assetcatalog; path = Assets.xcassets; sourceTree = "<group>"; };
		43C7464321673B680077291D /* RecipePuppy.app */ = {isa = PBXFileReference; explicitFileType = wrapper.application; includeInIndex = 0; path = RecipePuppy.app; sourceTree = BUILT_PRODUCTS_DIR; };
		43C7464621673B680077291D /* AppDelegate.swift */ = {isa = PBXFileReference; lastKnownFileType = sourcecode.swift; path = AppDelegate.swift; sourceTree = "<group>"; };
		43C7464821673B680077291D /* ViewController.swift */ = {isa = PBXFileReference; lastKnownFileType = sourcecode.swift; path = ViewController.swift; sourceTree = "<group>"; };
		43C7464B21673B680077291D /* Base */ = {isa = PBXFileReference; lastKnownFileType = file.storyboard; name = Base; path = Base.lproj/Main.storyboard; sourceTree = "<group>"; };
		43C7465321673B690077291D /* Base */ = {isa = PBXFileReference; lastKnownFileType = file.storyboard; name = Base; path = Base.lproj/LaunchScreen.storyboard; sourceTree = "<group>"; };
		43C7465521673B690077291D /* Info.plist */ = {isa = PBXFileReference; lastKnownFileType = text.plist.xml; path = Info.plist; sourceTree = "<group>"; };
		43C7465A21673B690077291D /* RecipePuppyTests.xctest */ = {isa = PBXFileReference; explicitFileType = wrapper.cfbundle; includeInIndex = 0; path = RecipePuppyTests.xctest; sourceTree = BUILT_PRODUCTS_DIR; };
		43C7465E21673B690077291D /* RecipePuppyTests.swift */ = {isa = PBXFileReference; lastKnownFileType = sourcecode.swift; path = RecipePuppyTests.swift; sourceTree = "<group>"; };
		43C7466021673B690077291D /* Info.plist */ = {isa = PBXFileReference; lastKnownFileType = text.plist.xml; path = Info.plist; sourceTree = "<group>"; };
		43C7466521673B690077291D /* RecipePuppyUITests.xctest */ = {isa = PBXFileReference; explicitFileType = wrapper.cfbundle; includeInIndex = 0; path = RecipePuppyUITests.xctest; sourceTree = BUILT_PRODUCTS_DIR; };
		43C7466921673B690077291D /* RecipePuppyUITests.swift */ = {isa = PBXFileReference; lastKnownFileType = sourcecode.swift; path = RecipePuppyUITests.swift; sourceTree = "<group>"; };
		43C7466B21673B690077291D /* Info.plist */ = {isa = PBXFileReference; lastKnownFileType = text.plist.xml; path = Info.plist; sourceTree = "<group>"; };
		43C74685216755AC0077291D /* APIConstants.swift */ = {isa = PBXFileReference; lastKnownFileType = sourcecode.swift; path = APIConstants.swift; sourceTree = "<group>"; };
		43F5C1D92167AF6B007414AC /* RecipeInteractor.swift */ = {isa = PBXFileReference; lastKnownFileType = sourcecode.swift; path = RecipeInteractor.swift; sourceTree = "<group>"; };
		43F5C1DB2167AFE7007414AC /* RecipeRepository.swift */ = {isa = PBXFileReference; lastKnownFileType = sourcecode.swift; path = RecipeRepository.swift; sourceTree = "<group>"; };
		43F5C1E32167B603007414AC /* Recipe.swift */ = {isa = PBXFileReference; lastKnownFileType = sourcecode.swift; path = Recipe.swift; sourceTree = "<group>"; };
		43F5C1E52167B617007414AC /* Result.swift */ = {isa = PBXFileReference; lastKnownFileType = sourcecode.swift; path = Result.swift; sourceTree = "<group>"; };
		43F5C1E72167C47D007414AC /* RecipePresenter.swift */ = {isa = PBXFileReference; lastKnownFileType = sourcecode.swift; path = RecipePresenter.swift; sourceTree = "<group>"; };
		43F5C1E82167C47D007414AC /* RecipeViewController.swift */ = {isa = PBXFileReference; lastKnownFileType = sourcecode.swift; path = RecipeViewController.swift; sourceTree = "<group>"; };
		43F5C1E92167C47D007414AC /* RecipeWireframe.swift */ = {isa = PBXFileReference; lastKnownFileType = sourcecode.swift; path = RecipeWireframe.swift; sourceTree = "<group>"; };
		43F5C1ED2167C589007414AC /* Utils.swift */ = {isa = PBXFileReference; lastKnownFileType = sourcecode.swift; path = Utils.swift; sourceTree = "<group>"; };
		43F5C1F12167FFD0007414AC /* RecipeViewCell.swift */ = {isa = PBXFileReference; lastKnownFileType = sourcecode.swift; path = RecipeViewCell.swift; sourceTree = "<group>"; };
		43F5C1F9216A5A92007414AC /* RecipeViewCell.xib */ = {isa = PBXFileReference; lastKnownFileType = file.xib; path = RecipeViewCell.xib; sourceTree = "<group>"; };
/* End PBXFileReference section */

/* Begin PBXFrameworksBuildPhase section */
		43C7464021673B680077291D /* Frameworks */ = {
			isa = PBXFrameworksBuildPhase;
			buildActionMask = 2147483647;
			files = (
			);
			runOnlyForDeploymentPostprocessing = 0;
		};
		43C7465721673B690077291D /* Frameworks */ = {
			isa = PBXFrameworksBuildPhase;
			buildActionMask = 2147483647;
			files = (
			);
			runOnlyForDeploymentPostprocessing = 0;
		};
		43C7466221673B690077291D /* Frameworks */ = {
			isa = PBXFrameworksBuildPhase;
			buildActionMask = 2147483647;
			files = (
			);
			runOnlyForDeploymentPostprocessing = 0;
		};
/* End PBXFrameworksBuildPhase section */

/* Begin PBXGroup section */
		437554C4216A8EF7004B9C4B /* WebView */ = {
			isa = PBXGroup;
			children = (
				437554BF216A8EEB004B9C4B /* WebViewViewController.swift */,
				437554BE216A8EEB004B9C4B /* WebViewPresenter.swift */,
				437554C0216A8EEB004B9C4B /* WebViewWireframe.swift */,
			);
			name = WebView;
			path = "New Group";
			sourceTree = "<group>";
		};
		43C7463A21673B680077291D = {
			isa = PBXGroup;
			children = (
				43C7464521673B680077291D /* RecipePuppy */,
				43C7465D21673B690077291D /* RecipePuppyTests */,
				43C7466821673B690077291D /* RecipePuppyUITests */,
				43C7464421673B680077291D /* Products */,
			);
			sourceTree = "<group>";
		};
		43C7464421673B680077291D /* Products */ = {
			isa = PBXGroup;
			children = (
				43C7464321673B680077291D /* RecipePuppy.app */,
				43C7465A21673B690077291D /* RecipePuppyTests.xctest */,
				43C7466521673B690077291D /* RecipePuppyUITests.xctest */,
			);
			name = Products;
			sourceTree = "<group>";
		};
		43C7464521673B680077291D /* RecipePuppy */ = {
			isa = PBXGroup;
			children = (
				43C74679216743810077291D /* Artwork */,
				43C74678216743690077291D /* Interfaces */,
				43C7467A2167439A0077291D /* Source */,
				43C7464821673B680077291D /* ViewController.swift */,
				43C7465521673B690077291D /* Info.plist */,
			);
			path = RecipePuppy;
			sourceTree = "<group>";
		};
		43C7465D21673B690077291D /* RecipePuppyTests */ = {
			isa = PBXGroup;
			children = (
				43C7465E21673B690077291D /* RecipePuppyTests.swift */,
				43C7466021673B690077291D /* Info.plist */,
			);
			path = RecipePuppyTests;
			sourceTree = "<group>";
		};
		43C7466821673B690077291D /* RecipePuppyUITests */ = {
			isa = PBXGroup;
			children = (
				43C7466921673B690077291D /* RecipePuppyUITests.swift */,
				43C7466B21673B690077291D /* Info.plist */,
			);
			path = RecipePuppyUITests;
			sourceTree = "<group>";
		};
		43C74677216743580077291D /* AppDelegate */ = {
			isa = PBXGroup;
			children = (
				43C7464621673B680077291D /* AppDelegate.swift */,
			);
			path = AppDelegate;
			sourceTree = "<group>";
		};
		43C74678216743690077291D /* Interfaces */ = {
			isa = PBXGroup;
			children = (
				43C7464A21673B680077291D /* Main.storyboard */,
				43C7465221673B690077291D /* LaunchScreen.storyboard */,
			);
			path = Interfaces;
			sourceTree = "<group>";
		};
		43C74679216743810077291D /* Artwork */ = {
			isa = PBXGroup;
			children = (
				437554C5216ABDB9004B9C4B /* Assets.xcassets */,
			);
			path = Artwork;
			sourceTree = "<group>";
		};
		43C7467A2167439A0077291D /* Source */ = {
			isa = PBXGroup;
			children = (
				43C74677216743580077291D /* AppDelegate */,
				43F5C1EF2167C58E007414AC /* Commons */,
				43C7467B216743BD0077291D /* Models */,
				43C7467C216743E70077291D /* Interactors */,
				43C7467D216743FB0077291D /* Repositories */,
				43C7467E216744200077291D /* Scenes */,
			);
			path = Source;
			sourceTree = "<group>";
		};
		43C7467B216743BD0077291D /* Models */ = {
			isa = PBXGroup;
			children = (
				43F5C1E32167B603007414AC /* Recipe.swift */,
				43F5C1E52167B617007414AC /* Result.swift */,
			);
			path = Models;
			sourceTree = "<group>";
		};
		43C7467C216743E70077291D /* Interactors */ = {
			isa = PBXGroup;
			children = (
				43F5C1D92167AF6B007414AC /* RecipeInteractor.swift */,
			);
			path = Interactors;
			sourceTree = "<group>";
		};
		43C7467D216743FB0077291D /* Repositories */ = {
			isa = PBXGroup;
			children = (
				43C74685216755AC0077291D /* APIConstants.swift */,
				43F5C1DB2167AFE7007414AC /* RecipeRepository.swift */,
			);
			path = Repositories;
			sourceTree = "<group>";
		};
		43C7467E216744200077291D /* Scenes */ = {
			isa = PBXGroup;
			children = (
				43C74680216746140077291D /* Recipe */,
				437554C4216A8EF7004B9C4B /* WebView */,
			);
			path = Scenes;
			sourceTree = "<group>";
		};
		43C74680216746140077291D /* Recipe */ = {
			isa = PBXGroup;
			children = (
				43F5C1E82167C47D007414AC /* RecipeViewController.swift */,
				43F5C1E72167C47D007414AC /* RecipePresenter.swift */,
				43F5C1E92167C47D007414AC /* RecipeWireframe.swift */,
				43F5C1F02167FFA6007414AC /* RecipeCell */,
			);
			path = Recipe;
			sourceTree = "<group>";
		};
		43F5C1EF2167C58E007414AC /* Commons */ = {
			isa = PBXGroup;
			children = (
				43F5C1ED2167C589007414AC /* Utils.swift */,
			);
			path = Commons;
			sourceTree = "<group>";
		};
		43F5C1F02167FFA6007414AC /* RecipeCell */ = {
			isa = PBXGroup;
			children = (
				43F5C1F12167FFD0007414AC /* RecipeViewCell.swift */,
				43F5C1F9216A5A92007414AC /* RecipeViewCell.xib */,
			);
			path = RecipeCell;
			sourceTree = "<group>";
		};
/* End PBXGroup section */

/* Begin PBXNativeTarget section */
		43C7464221673B680077291D /* RecipePuppy */ = {
			isa = PBXNativeTarget;
			buildConfigurationList = 43C7466E21673B690077291D /* Build configuration list for PBXNativeTarget "RecipePuppy" */;
			buildPhases = (
				43C7463F21673B680077291D /* Sources */,
				43C7464021673B680077291D /* Frameworks */,
				43C7464121673B680077291D /* Resources */,
			);
			buildRules = (
			);
			dependencies = (
			);
			name = RecipePuppy;
			productName = RecipePuppy;
			productReference = 43C7464321673B680077291D /* RecipePuppy.app */;
			productType = "com.apple.product-type.application";
		};
		43C7465921673B690077291D /* RecipePuppyTests */ = {
			isa = PBXNativeTarget;
			buildConfigurationList = 43C7467121673B690077291D /* Build configuration list for PBXNativeTarget "RecipePuppyTests" */;
			buildPhases = (
				43C7465621673B690077291D /* Sources */,
				43C7465721673B690077291D /* Frameworks */,
				43C7465821673B690077291D /* Resources */,
			);
			buildRules = (
			);
			dependencies = (
				43C7465C21673B690077291D /* PBXTargetDependency */,
			);
			name = RecipePuppyTests;
			productName = RecipePuppyTests;
			productReference = 43C7465A21673B690077291D /* RecipePuppyTests.xctest */;
			productType = "com.apple.product-type.bundle.unit-test";
		};
		43C7466421673B690077291D /* RecipePuppyUITests */ = {
			isa = PBXNativeTarget;
			buildConfigurationList = 43C7467421673B690077291D /* Build configuration list for PBXNativeTarget "RecipePuppyUITests" */;
			buildPhases = (
				43C7466121673B690077291D /* Sources */,
				43C7466221673B690077291D /* Frameworks */,
				43C7466321673B690077291D /* Resources */,
			);
			buildRules = (
			);
			dependencies = (
				43C7466721673B690077291D /* PBXTargetDependency */,
			);
			name = RecipePuppyUITests;
			productName = RecipePuppyUITests;
			productReference = 43C7466521673B690077291D /* RecipePuppyUITests.xctest */;
			productType = "com.apple.product-type.bundle.ui-testing";
		};
/* End PBXNativeTarget section */

/* Begin PBXProject section */
		43C7463B21673B680077291D /* Project object */ = {
			isa = PBXProject;
			attributes = {
				LastSwiftUpdateCheck = 1000;
				LastUpgradeCheck = 1000;
				ORGANIZATIONNAME = "Lopez, Margaret";
				TargetAttributes = {
					43C7464221673B680077291D = {
						CreatedOnToolsVersion = 10.0;
					};
					43C7465921673B690077291D = {
						CreatedOnToolsVersion = 10.0;
						TestTargetID = 43C7464221673B680077291D;
					};
					43C7466421673B690077291D = {
						CreatedOnToolsVersion = 10.0;
						TestTargetID = 43C7464221673B680077291D;
					};
				};
			};
			buildConfigurationList = 43C7463E21673B680077291D /* Build configuration list for PBXProject "RecipePuppy" */;
			compatibilityVersion = "Xcode 9.3";
			developmentRegion = en;
			hasScannedForEncodings = 0;
			knownRegions = (
				en,
				Base,
			);
			mainGroup = 43C7463A21673B680077291D;
			productRefGroup = 43C7464421673B680077291D /* Products */;
			projectDirPath = "";
			projectRoot = "";
			targets = (
				43C7464221673B680077291D /* RecipePuppy */,
				43C7465921673B690077291D /* RecipePuppyTests */,
				43C7466421673B690077291D /* RecipePuppyUITests */,
			);
		};
/* End PBXProject section */

/* Begin PBXResourcesBuildPhase section */
		43C7464121673B680077291D /* Resources */ = {
			isa = PBXResourcesBuildPhase;
			buildActionMask = 2147483647;
			files = (
				43C7465421673B690077291D /* LaunchScreen.storyboard in Resources */,
				43F5C1FA216A5A92007414AC /* RecipeViewCell.xib in Resources */,
				437554C6216ABDB9004B9C4B /* Assets.xcassets in Resources */,
				43C7464C21673B680077291D /* Main.storyboard in Resources */,
			);
			runOnlyForDeploymentPostprocessing = 0;
		};
		43C7465821673B690077291D /* Resources */ = {
			isa = PBXResourcesBuildPhase;
			buildActionMask = 2147483647;
			files = (
			);
			runOnlyForDeploymentPostprocessing = 0;
		};
		43C7466321673B690077291D /* Resources */ = {
			isa = PBXResourcesBuildPhase;
			buildActionMask = 2147483647;
			files = (
			);
			runOnlyForDeploymentPostprocessing = 0;
		};
/* End PBXResourcesBuildPhase section */

/* Begin PBXSourcesBuildPhase section */
		43C7463F21673B680077291D /* Sources */ = {
			isa = PBXSourcesBuildPhase;
			buildActionMask = 2147483647;
			files = (
				437554C2216A8EEB004B9C4B /* WebViewViewController.swift in Sources */,
				437554C1216A8EEB004B9C4B /* WebViewPresenter.swift in Sources */,
				43F5C1EC2167C47D007414AC /* RecipeWireframe.swift in Sources */,
				43C7464921673B680077291D /* ViewController.swift in Sources */,
				43F5C1DC2167AFE7007414AC /* RecipeRepository.swift in Sources */,
				437554C3216A8EEB004B9C4B /* WebViewWireframe.swift in Sources */,
				43F5C1E42167B603007414AC /* Recipe.swift in Sources */,
				43C74686216755AC0077291D /* APIConstants.swift in Sources */,
				43F5C1EB2167C47D007414AC /* RecipeViewController.swift in Sources */,
				43F5C1F22167FFD0007414AC /* RecipeViewCell.swift in Sources */,
				43F5C1DA2167AF6B007414AC /* RecipeInteractor.swift in Sources */,
				43F5C1E62167B617007414AC /* Result.swift in Sources */,
				43C7464721673B680077291D /* AppDelegate.swift in Sources */,
				43F5C1EA2167C47D007414AC /* RecipePresenter.swift in Sources */,
				43F5C1EE2167C589007414AC /* Utils.swift in Sources */,
			);
			runOnlyForDeploymentPostprocessing = 0;
		};
		43C7465621673B690077291D /* Sources */ = {
			isa = PBXSourcesBuildPhase;
			buildActionMask = 2147483647;
			files = (
				43C7465F21673B690077291D /* RecipePuppyTests.swift in Sources */,
			);
			runOnlyForDeploymentPostprocessing = 0;
		};
		43C7466121673B690077291D /* Sources */ = {
			isa = PBXSourcesBuildPhase;
			buildActionMask = 2147483647;
			files = (
				43C7466A21673B690077291D /* RecipePuppyUITests.swift in Sources */,
			);
			runOnlyForDeploymentPostprocessing = 0;
		};
/* End PBXSourcesBuildPhase section */

/* Begin PBXTargetDependency section */
		43C7465C21673B690077291D /* PBXTargetDependency */ = {
			isa = PBXTargetDependency;
			target = 43C7464221673B680077291D /* RecipePuppy */;
			targetProxy = 43C7465B21673B690077291D /* PBXContainerItemProxy */;
		};
		43C7466721673B690077291D /* PBXTargetDependency */ = {
			isa = PBXTargetDependency;
			target = 43C7464221673B680077291D /* RecipePuppy */;
			targetProxy = 43C7466621673B690077291D /* PBXContainerItemProxy */;
		};
/* End PBXTargetDependency section */

/* Begin PBXVariantGroup section */
		43C7464A21673B680077291D /* Main.storyboard */ = {
			isa = PBXVariantGroup;
			children = (
				43C7464B21673B680077291D /* Base */,
			);
			name = Main.storyboard;
			sourceTree = "<group>";
		};
		43C7465221673B690077291D /* LaunchScreen.storyboard */ = {
			isa = PBXVariantGroup;
			children = (
				43C7465321673B690077291D /* Base */,
			);
			name = LaunchScreen.storyboard;
			sourceTree = "<group>";
		};
/* End PBXVariantGroup section */

/* Begin XCBuildConfiguration section */
		43C7466C21673B690077291D /* Debug */ = {
			isa = XCBuildConfiguration;
			buildSettings = {
				ALWAYS_SEARCH_USER_PATHS = NO;
				CLANG_ANALYZER_NONNULL = YES;
				CLANG_ANALYZER_NUMBER_OBJECT_CONVERSION = YES_AGGRESSIVE;
				CLANG_CXX_LANGUAGE_STANDARD = "gnu++14";
				CLANG_CXX_LIBRARY = "libc++";
				CLANG_ENABLE_MODULES = YES;
				CLANG_ENABLE_OBJC_ARC = YES;
				CLANG_ENABLE_OBJC_WEAK = YES;
				CLANG_WARN_BLOCK_CAPTURE_AUTORELEASING = YES;
				CLANG_WARN_BOOL_CONVERSION = YES;
				CLANG_WARN_COMMA = YES;
				CLANG_WARN_CONSTANT_CONVERSION = YES;
				CLANG_WARN_DEPRECATED_OBJC_IMPLEMENTATIONS = YES;
				CLANG_WARN_DIRECT_OBJC_ISA_USAGE = YES_ERROR;
				CLANG_WARN_DOCUMENTATION_COMMENTS = YES;
				CLANG_WARN_EMPTY_BODY = YES;
				CLANG_WARN_ENUM_CONVERSION = YES;
				CLANG_WARN_INFINITE_RECURSION = YES;
				CLANG_WARN_INT_CONVERSION = YES;
				CLANG_WARN_NON_LITERAL_NULL_CONVERSION = YES;
				CLANG_WARN_OBJC_IMPLICIT_RETAIN_SELF = YES;
				CLANG_WARN_OBJC_LITERAL_CONVERSION = YES;
				CLANG_WARN_OBJC_ROOT_CLASS = YES_ERROR;
				CLANG_WARN_RANGE_LOOP_ANALYSIS = YES;
				CLANG_WARN_STRICT_PROTOTYPES = YES;
				CLANG_WARN_SUSPICIOUS_MOVE = YES;
				CLANG_WARN_UNGUARDED_AVAILABILITY = YES_AGGRESSIVE;
				CLANG_WARN_UNREACHABLE_CODE = YES;
				CLANG_WARN__DUPLICATE_METHOD_MATCH = YES;
				CODE_SIGN_IDENTITY = "iPhone Developer";
				COPY_PHASE_STRIP = NO;
				DEBUG_INFORMATION_FORMAT = dwarf;
				ENABLE_STRICT_OBJC_MSGSEND = YES;
				ENABLE_TESTABILITY = YES;
				GCC_C_LANGUAGE_STANDARD = gnu11;
				GCC_DYNAMIC_NO_PIC = NO;
				GCC_NO_COMMON_BLOCKS = YES;
				GCC_OPTIMIZATION_LEVEL = 0;
				GCC_PREPROCESSOR_DEFINITIONS = (
					"DEBUG=1",
					"$(inherited)",
				);
				GCC_WARN_64_TO_32_BIT_CONVERSION = YES;
				GCC_WARN_ABOUT_RETURN_TYPE = YES_ERROR;
				GCC_WARN_UNDECLARED_SELECTOR = YES;
				GCC_WARN_UNINITIALIZED_AUTOS = YES_AGGRESSIVE;
				GCC_WARN_UNUSED_FUNCTION = YES;
				GCC_WARN_UNUSED_VARIABLE = YES;
				IPHONEOS_DEPLOYMENT_TARGET = 12.0;
				MTL_ENABLE_DEBUG_INFO = INCLUDE_SOURCE;
				MTL_FAST_MATH = YES;
				ONLY_ACTIVE_ARCH = YES;
				SDKROOT = iphoneos;
				SWIFT_ACTIVE_COMPILATION_CONDITIONS = DEBUG;
				SWIFT_OPTIMIZATION_LEVEL = "-Onone";
			};
			name = Debug;
		};
		43C7466D21673B690077291D /* Release */ = {
			isa = XCBuildConfiguration;
			buildSettings = {
				ALWAYS_SEARCH_USER_PATHS = NO;
				CLANG_ANALYZER_NONNULL = YES;
				CLANG_ANALYZER_NUMBER_OBJECT_CONVERSION = YES_AGGRESSIVE;
				CLANG_CXX_LANGUAGE_STANDARD = "gnu++14";
				CLANG_CXX_LIBRARY = "libc++";
				CLANG_ENABLE_MODULES = YES;
				CLANG_ENABLE_OBJC_ARC = YES;
				CLANG_ENABLE_OBJC_WEAK = YES;
				CLANG_WARN_BLOCK_CAPTURE_AUTORELEASING = YES;
				CLANG_WARN_BOOL_CONVERSION = YES;
				CLANG_WARN_COMMA = YES;
				CLANG_WARN_CONSTANT_CONVERSION = YES;
				CLANG_WARN_DEPRECATED_OBJC_IMPLEMENTATIONS = YES;
				CLANG_WARN_DIRECT_OBJC_ISA_USAGE = YES_ERROR;
				CLANG_WARN_DOCUMENTATION_COMMENTS = YES;
				CLANG_WARN_EMPTY_BODY = YES;
				CLANG_WARN_ENUM_CONVERSION = YES;
				CLANG_WARN_INFINITE_RECURSION = YES;
				CLANG_WARN_INT_CONVERSION = YES;
				CLANG_WARN_NON_LITERAL_NULL_CONVERSION = YES;
				CLANG_WARN_OBJC_IMPLICIT_RETAIN_SELF = YES;
				CLANG_WARN_OBJC_LITERAL_CONVERSION = YES;
				CLANG_WARN_OBJC_ROOT_CLASS = YES_ERROR;
				CLANG_WARN_RANGE_LOOP_ANALYSIS = YES;
				CLANG_WARN_STRICT_PROTOTYPES = YES;
				CLANG_WARN_SUSPICIOUS_MOVE = YES;
				CLANG_WARN_UNGUARDED_AVAILABILITY = YES_AGGRESSIVE;
				CLANG_WARN_UNREACHABLE_CODE = YES;
				CLANG_WARN__DUPLICATE_METHOD_MATCH = YES;
				CODE_SIGN_IDENTITY = "iPhone Developer";
				COPY_PHASE_STRIP = NO;
				DEBUG_INFORMATION_FORMAT = "dwarf-with-dsym";
				ENABLE_NS_ASSERTIONS = NO;
				ENABLE_STRICT_OBJC_MSGSEND = YES;
				GCC_C_LANGUAGE_STANDARD = gnu11;
				GCC_NO_COMMON_BLOCKS = YES;
				GCC_WARN_64_TO_32_BIT_CONVERSION = YES;
				GCC_WARN_ABOUT_RETURN_TYPE = YES_ERROR;
				GCC_WARN_UNDECLARED_SELECTOR = YES;
				GCC_WARN_UNINITIALIZED_AUTOS = YES_AGGRESSIVE;
				GCC_WARN_UNUSED_FUNCTION = YES;
				GCC_WARN_UNUSED_VARIABLE = YES;
				IPHONEOS_DEPLOYMENT_TARGET = 12.0;
				MTL_ENABLE_DEBUG_INFO = NO;
				MTL_FAST_MATH = YES;
				SDKROOT = iphoneos;
				SWIFT_COMPILATION_MODE = wholemodule;
				SWIFT_OPTIMIZATION_LEVEL = "-O";
				VALIDATE_PRODUCT = YES;
			};
			name = Release;
		};
		43C7466F21673B690077291D /* Debug */ = {
			isa = XCBuildConfiguration;
			buildSettings = {
				ASSETCATALOG_COMPILER_APPICON_NAME = AppIcon;
				CODE_SIGN_STYLE = Automatic;
				DEVELOPMENT_TEAM = 2373MN3GMT;
				INFOPLIST_FILE = RecipePuppy/Info.plist;
				LD_RUNPATH_SEARCH_PATHS = (
					"$(inherited)",
					"@executable_path/Frameworks",
				);
				PRODUCT_BUNDLE_IDENTIFIER = ifsamaed.RecipePuppy;
				PRODUCT_NAME = "$(TARGET_NAME)";
				SWIFT_VERSION = 4.2;
				TARGETED_DEVICE_FAMILY = "1,2";
			};
			name = Debug;
		};
		43C7467021673B690077291D /* Release */ = {
			isa = XCBuildConfiguration;
			buildSettings = {
				ASSETCATALOG_COMPILER_APPICON_NAME = AppIcon;
				CODE_SIGN_STYLE = Automatic;
				DEVELOPMENT_TEAM = 2373MN3GMT;
				INFOPLIST_FILE = RecipePuppy/Info.plist;
				LD_RUNPATH_SEARCH_PATHS = (
					"$(inherited)",
					"@executable_path/Frameworks",
				);
				PRODUCT_BUNDLE_IDENTIFIER = ifsamaed.RecipePuppy;
				PRODUCT_NAME = "$(TARGET_NAME)";
				SWIFT_VERSION = 4.2;
				TARGETED_DEVICE_FAMILY = "1,2";
			};
			name = Release;
		};
		43C7467221673B690077291D /* Debug */ = {
			isa = XCBuildConfiguration;
			buildSettings = {
				ALWAYS_EMBED_SWIFT_STANDARD_LIBRARIES = YES;
				BUNDLE_LOADER = "$(TEST_HOST)";
				CODE_SIGN_STYLE = Automatic;
				INFOPLIST_FILE = RecipePuppyTests/Info.plist;
				LD_RUNPATH_SEARCH_PATHS = (
					"$(inherited)",
					"@executable_path/Frameworks",
					"@loader_path/Frameworks",
				);
				PRODUCT_BUNDLE_IDENTIFIER = ifsamaed.RecipePuppyTests;
				PRODUCT_NAME = "$(TARGET_NAME)";
				SWIFT_VERSION = 4.2;
				TARGETED_DEVICE_FAMILY = "1,2";
				TEST_HOST = "$(BUILT_PRODUCTS_DIR)/RecipePuppy.app/RecipePuppy";
			};
			name = Debug;
		};
		43C7467321673B690077291D /* Release */ = {
			isa = XCBuildConfiguration;
			buildSettings = {
				ALWAYS_EMBED_SWIFT_STANDARD_LIBRARIES = YES;
				BUNDLE_LOADER = "$(TEST_HOST)";
				CODE_SIGN_STYLE = Automatic;
				INFOPLIST_FILE = RecipePuppyTests/Info.plist;
				LD_RUNPATH_SEARCH_PATHS = (
					"$(inherited)",
					"@executable_path/Frameworks",
					"@loader_path/Frameworks",
				);
				PRODUCT_BUNDLE_IDENTIFIER = ifsamaed.RecipePuppyTests;
				PRODUCT_NAME = "$(TARGET_NAME)";
				SWIFT_VERSION = 4.2;
				TARGETED_DEVICE_FAMILY = "1,2";
				TEST_HOST = "$(BUILT_PRODUCTS_DIR)/RecipePuppy.app/RecipePuppy";
			};
			name = Release;
		};
		43C7467521673B690077291D /* Debug */ = {
			isa = XCBuildConfiguration;
			buildSettings = {
				ALWAYS_EMBED_SWIFT_STANDARD_LIBRARIES = YES;
				CODE_SIGN_STYLE = Automatic;
				INFOPLIST_FILE = RecipePuppyUITests/Info.plist;
				LD_RUNPATH_SEARCH_PATHS = (
					"$(inherited)",
					"@executable_path/Frameworks",
					"@loader_path/Frameworks",
				);
				PRODUCT_BUNDLE_IDENTIFIER = ifsamaed.RecipePuppyUITests;
				PRODUCT_NAME = "$(TARGET_NAME)";
				SWIFT_VERSION = 4.2;
				TARGETED_DEVICE_FAMILY = "1,2";
				TEST_TARGET_NAME = RecipePuppy;
			};
			name = Debug;
		};
		43C7467621673B690077291D /* Release */ = {
			isa = XCBuildConfiguration;
			buildSettings = {
				ALWAYS_EMBED_SWIFT_STANDARD_LIBRARIES = YES;
				CODE_SIGN_STYLE = Automatic;
				INFOPLIST_FILE = RecipePuppyUITests/Info.plist;
				LD_RUNPATH_SEARCH_PATHS = (
					"$(inherited)",
					"@executable_path/Frameworks",
					"@loader_path/Frameworks",
				);
				PRODUCT_BUNDLE_IDENTIFIER = ifsamaed.RecipePuppyUITests;
				PRODUCT_NAME = "$(TARGET_NAME)";
				SWIFT_VERSION = 4.2;
				TARGETED_DEVICE_FAMILY = "1,2";
				TEST_TARGET_NAME = RecipePuppy;
			};
			name = Release;
		};
/* End XCBuildConfiguration section */

/* Begin XCConfigurationList section */
		43C7463E21673B680077291D /* Build configuration list for PBXProject "RecipePuppy" */ = {
			isa = XCConfigurationList;
			buildConfigurations = (
				43C7466C21673B690077291D /* Debug */,
				43C7466D21673B690077291D /* Release */,
			);
			defaultConfigurationIsVisible = 0;
			defaultConfigurationName = Release;
		};
		43C7466E21673B690077291D /* Build configuration list for PBXNativeTarget "RecipePuppy" */ = {
			isa = XCConfigurationList;
			buildConfigurations = (
				43C7466F21673B690077291D /* Debug */,
				43C7467021673B690077291D /* Release */,
			);
			defaultConfigurationIsVisible = 0;
			defaultConfigurationName = Release;
		};
		43C7467121673B690077291D /* Build configuration list for PBXNativeTarget "RecipePuppyTests" */ = {
			isa = XCConfigurationList;
			buildConfigurations = (
				43C7467221673B690077291D /* Debug */,
				43C7467321673B690077291D /* Release */,
			);
			defaultConfigurationIsVisible = 0;
			defaultConfigurationName = Release;
		};
		43C7467421673B690077291D /* Build configuration list for PBXNativeTarget "RecipePuppyUITests" */ = {
			isa = XCConfigurationList;
			buildConfigurations = (
				43C7467521673B690077291D /* Debug */,
				43C7467621673B690077291D /* Release */,
			);
			defaultConfigurationIsVisible = 0;
			defaultConfigurationName = Release;
		};
/* End XCConfigurationList section */
	};
	rootObject = 43C7463B21673B680077291D /* Project object */;
}
